
Microsoft Visual Studio Solution File, Format Version 11.00
# Visual Studio 2010
Project("{2150E333-8FDC-42A3-9474-1A3956D46DE8}") = "Site Plugins", "Site Plugins", "{0430AF7C-940D-429C-B11A-AFA0F4EA2BC0}"
EndProject
Project("{FAE04EC0-301F-11D3-BF4B-00C04F79EFBC}") = "MangaFox", "Plugins\MangaFox\MangaFox.csproj", "{D774C18B-3489-4696-9D3E-A7416C2ADCE6}"
EndProject
Project("{FAE04EC0-301F-11D3-BF4B-00C04F79EFBC}") = "MangaReader", "Plugins\MangaReader\MangaReader.csproj", "{36EB2B4A-DC72-47EB-9527-3246CF0019DE}"
EndProject
Project("{FAE04EC0-301F-11D3-BF4B-00C04F79EFBC}") = "Plugin Template", "Plugin Template\Plugin Template.csproj", "{D104334C-2AE4-4716-BFAB-CCCF261D7A17}"
EndProject
Project("{FAE04EC0-301F-11D3-BF4B-00C04F79EFBC}") = "myManga", "myManga\myManga.csproj", "{D3CB8901-3C61-4CCA-9E39-21C2E8F7141D}"
EndProject
Project("{FAE04EC0-301F-11D3-BF4B-00C04F79EFBC}") = "PluginTester", "Plugins\PluginTester\PluginTester.csproj", "{A42BBA01-A952-4AD2-8D99-0D93E9410079}"
EndProject
Project("{FAE04EC0-301F-11D3-BF4B-00C04F79EFBC}") = "MangaHere", "Plugins\MangaHere\MangaHere.csproj", "{39B4C5F1-00A7-4F98-9B9F-38B91E6A764D}"
EndProject
Project("{FAE04EC0-301F-11D3-BF4B-00C04F79EFBC}") = "MangaPanda", "Plugins\MangaPanda\MangaPanda.csproj", "{0D226874-8721-4BC6-BCF9-EA78B487DDED}"
EndProject
Project("{2150E333-8FDC-42A3-9474-1A3956D46DE8}") = "CoreDLLs", "CoreDLLs", "{CE1B938B-68EF-400B-8B4F-56A9ED309E3D}"
EndProject
Project("{FAE04EC0-301F-11D3-BF4B-00C04F79EFBC}") = "BakaBox", "BakaBox\BakaBox.csproj", "{CAD747BF-8D53-4115-957C-CC07B036466C}"
EndProject
Project("{FAE04EC0-301F-11D3-BF4B-00C04F79EFBC}") = "CoreMangaClasses", "CoreDLLs\CoreMangaClasses\CoreMangaClasses.csproj", "{6E2916BF-2F3F-4DD5-BD7F-981F754BC531}"
EndProject
Project("{FAE04EC0-301F-11D3-BF4B-00C04F79EFBC}") = "Manga", "CoreDLLs\Manga\Manga.csproj", "{AB7D1FEA-51D1-41E7-8D2E-01D61B03E95A}"
EndProject
Project("{2150E333-8FDC-42A3-9474-1A3956D46DE8}") = "Template and Tester", "Template and Tester", "{AC789BAA-4684-46EE-81B8-0472989EA22B}"
EndProject
Project("{2150E333-8FDC-42A3-9474-1A3956D46DE8}") = "Updater", "Updater", "{46B1D93C-E555-4345-BCFC-B35DD0F7CA8B}"
EndProject
Global
	GlobalSection(TeamFoundationVersionControl) = preSolution
		SccNumberOfProjects = 11
		SccEnterpriseProvider = {4CA58AB2-18FA-4F8D-95D4-32DDF27D184C}
		SccTeamFoundationServer = https://tfs.codeplex.com/tfs/tfs24
		SccProjectUniqueName0 = Plugins\\MangaFox\\MangaFox.csproj
		SccProjectTopLevelParentUniqueName0 = myManga.sln
		SccProjectName0 = Plugins/MangaFox
		SccLocalPath0 = Plugins\\MangaFox
		SccProjectUniqueName1 = Plugins\\MangaReader\\MangaReader.csproj
		SccProjectTopLevelParentUniqueName1 = myManga.sln
		SccProjectName1 = Plugins/MangaReader
		SccLocalPath1 = Plugins\\MangaReader
		SccProjectUniqueName2 = myManga\\myManga.csproj
		SccProjectName2 = myManga
		SccLocalPath2 = myManga
		SccProjectUniqueName3 = Plugins\\PluginTester\\PluginTester.csproj
		SccProjectTopLevelParentUniqueName3 = myManga.sln
		SccProjectName3 = Plugins/PluginTester
		SccLocalPath3 = Plugins\\PluginTester
		SccProjectUniqueName4 = Plugins\\MangaHere\\MangaHere.csproj
		SccProjectTopLevelParentUniqueName4 = myManga.sln
		SccProjectName4 = Plugins/MangaHere
		SccLocalPath4 = Plugins\\MangaHere
		SccProjectUniqueName5 = Plugin\u0020Template\\Plugin\u0020Template.csproj
		SccProjectTopLevelParentUniqueName5 = myManga.sln
		SccProjectName5 = Plugin\u0020Template
		SccLocalPath5 = Plugin\u0020Template
		SccProjectUniqueName6 = Plugins\\MangaPanda\\MangaPanda.csproj
		SccProjectTopLevelParentUniqueName6 = myManga.sln
		SccProjectName6 = Plugins/MangaPanda
		SccLocalPath6 = Plugins\\MangaPanda
		SccProjectUniqueName7 = BakaBox\\BakaBox.csproj
		SccProjectTopLevelParentUniqueName7 = myManga.sln
		SccProjectName7 = BakaBox
		SccLocalPath7 = BakaBox
		SccProjectUniqueName8 = CoreDLLs\\CoreMangaClasses\\CoreMangaClasses.csproj
		SccProjectTopLevelParentUniqueName8 = myManga.sln
		SccProjectName8 = CoreDLLs/CoreMangaClasses
		SccLocalPath8 = CoreDLLs\\CoreMangaClasses
		SccProjectUniqueName9 = CoreDLLs\\Manga\\Manga.csproj
		SccProjectTopLevelParentUniqueName9 = myManga.sln
		SccProjectName9 = CoreDLLs/Manga
		SccLocalPath9 = CoreDLLs\\Manga
		SccLocalPath10 = .
	EndGlobalSection
	GlobalSection(SolutionConfigurationPlatforms) = preSolution
		Debug|Any CPU = Debug|Any CPU
		Debug|Mixed Platforms = Debug|Mixed Platforms
		Debug|x86 = Debug|x86
		Release|Any CPU = Release|Any CPU
		Release|Mixed Platforms = Release|Mixed Platforms
		Release|x86 = Release|x86
	EndGlobalSection
	GlobalSection(ProjectConfigurationPlatforms) = postSolution
		{D774C18B-3489-4696-9D3E-A7416C2ADCE6}.Debug|Any CPU.ActiveCfg = Debug|Any CPU
		{D774C18B-3489-4696-9D3E-A7416C2ADCE6}.Debug|Any CPU.Build.0 = Debug|Any CPU
		{D774C18B-3489-4696-9D3E-A7416C2ADCE6}.Debug|Mixed Platforms.ActiveCfg = Debug|Any CPU
		{D774C18B-3489-4696-9D3E-A7416C2ADCE6}.Debug|Mixed Platforms.Build.0 = Debug|Any CPU
		{D774C18B-3489-4696-9D3E-A7416C2ADCE6}.Debug|x86.ActiveCfg = Debug|Any CPU
		{D774C18B-3489-4696-9D3E-A7416C2ADCE6}.Release|Any CPU.ActiveCfg = Release|Any CPU
		{D774C18B-3489-4696-9D3E-A7416C2ADCE6}.Release|Any CPU.Build.0 = Release|Any CPU
		{D774C18B-3489-4696-9D3E-A7416C2ADCE6}.Release|Mixed Platforms.ActiveCfg = Release|Any CPU
		{D774C18B-3489-4696-9D3E-A7416C2ADCE6}.Release|Mixed Platforms.Build.0 = Release|Any CPU
		{D774C18B-3489-4696-9D3E-A7416C2ADCE6}.Release|x86.ActiveCfg = Release|Any CPU
		{36EB2B4A-DC72-47EB-9527-3246CF0019DE}.Debug|Any CPU.ActiveCfg = Debug|Any CPU
		{36EB2B4A-DC72-47EB-9527-3246CF0019DE}.Debug|Any CPU.Build.0 = Debug|Any CPU
		{36EB2B4A-DC72-47EB-9527-3246CF0019DE}.Debug|Mixed Platforms.ActiveCfg = Debug|Any CPU
		{36EB2B4A-DC72-47EB-9527-3246CF0019DE}.Debug|Mixed Platforms.Build.0 = Debug|Any CPU
		{36EB2B4A-DC72-47EB-9527-3246CF0019DE}.Debug|x86.ActiveCfg = Debug|Any CPU
		{36EB2B4A-DC72-47EB-9527-3246CF0019DE}.Release|Any CPU.ActiveCfg = Release|Any CPU
		{36EB2B4A-DC72-47EB-9527-3246CF0019DE}.Release|Any CPU.Build.0 = Release|Any CPU
		{36EB2B4A-DC72-47EB-9527-3246CF0019DE}.Release|Mixed Platforms.ActiveCfg = Release|Any CPU
		{36EB2B4A-DC72-47EB-9527-3246CF0019DE}.Release|Mixed Platforms.Build.0 = Release|Any CPU
		{36EB2B4A-DC72-47EB-9527-3246CF0019DE}.Release|x86.ActiveCfg = Release|Any CPU
		{D104334C-2AE4-4716-BFAB-CCCF261D7A17}.Debug|Any CPU.ActiveCfg = Debug|Any CPU
		{D104334C-2AE4-4716-BFAB-CCCF261D7A17}.Debug|Any CPU.Build.0 = Debug|Any CPU
		{D104334C-2AE4-4716-BFAB-CCCF261D7A17}.Debug|Mixed Platforms.ActiveCfg = Debug|Any CPU
		{D104334C-2AE4-4716-BFAB-CCCF261D7A17}.Debug|Mixed Platforms.Build.0 = Debug|Any CPU
		{D104334C-2AE4-4716-BFAB-CCCF261D7A17}.Debug|x86.ActiveCfg = Debug|Any CPU
		{D104334C-2AE4-4716-BFAB-CCCF261D7A17}.Release|Any CPU.ActiveCfg = Release|Any CPU
		{D104334C-2AE4-4716-BFAB-CCCF261D7A17}.Release|Any CPU.Build.0 = Release|Any CPU
		{D104334C-2AE4-4716-BFAB-CCCF261D7A17}.Release|Mixed Platforms.ActiveCfg = Release|Any CPU
		{D104334C-2AE4-4716-BFAB-CCCF261D7A17}.Release|Mixed Platforms.Build.0 = Release|Any CPU
		{D104334C-2AE4-4716-BFAB-CCCF261D7A17}.Release|x86.ActiveCfg = Release|Any CPU
		{D3CB8901-3C61-4CCA-9E39-21C2E8F7141D}.Debug|Any CPU.ActiveCfg = Debug|x86
		{D3CB8901-3C61-4CCA-9E39-21C2E8F7141D}.Debug|Mixed Platforms.ActiveCfg = Debug|x86
		{D3CB8901-3C61-4CCA-9E39-21C2E8F7141D}.Debug|Mixed Platforms.Build.0 = Debug|x86
		{D3CB8901-3C61-4CCA-9E39-21C2E8F7141D}.Debug|x86.ActiveCfg = Debug|x86
		{D3CB8901-3C61-4CCA-9E39-21C2E8F7141D}.Debug|x86.Build.0 = Debug|x86
		{D3CB8901-3C61-4CCA-9E39-21C2E8F7141D}.Release|Any CPU.ActiveCfg = Release|x86
		{D3CB8901-3C61-4CCA-9E39-21C2E8F7141D}.Release|Mixed Platforms.ActiveCfg = Release|x86
		{D3CB8901-3C61-4CCA-9E39-21C2E8F7141D}.Release|Mixed Platforms.Build.0 = Release|x86
		{D3CB8901-3C61-4CCA-9E39-21C2E8F7141D}.Release|x86.ActiveCfg = Release|x86
		{D3CB8901-3C61-4CCA-9E39-21C2E8F7141D}.Release|x86.Build.0 = Release|x86
		{A42BBA01-A952-4AD2-8D99-0D93E9410079}.Debug|Any CPU.ActiveCfg = Debug|x86
		{A42BBA01-A952-4AD2-8D99-0D93E9410079}.Debug|Mixed Platforms.ActiveCfg = Debug|x86
		{A42BBA01-A952-4AD2-8D99-0D93E9410079}.Debug|Mixed Platforms.Build.0 = Debug|x86
		{A42BBA01-A952-4AD2-8D99-0D93E9410079}.Debug|x86.ActiveCfg = Debug|x86
		{A42BBA01-A952-4AD2-8D99-0D93E9410079}.Debug|x86.Build.0 = Debug|x86
		{A42BBA01-A952-4AD2-8D99-0D93E9410079}.Release|Any CPU.ActiveCfg = Release|x86
		{A42BBA01-A952-4AD2-8D99-0D93E9410079}.Release|Mixed Platforms.ActiveCfg = Release|x86
		{A42BBA01-A952-4AD2-8D99-0D93E9410079}.Release|Mixed Platforms.Build.0 = Release|x86
		{A42BBA01-A952-4AD2-8D99-0D93E9410079}.Release|x86.ActiveCfg = Release|x86
		{A42BBA01-A952-4AD2-8D99-0D93E9410079}.Release|x86.Build.0 = Release|x86
		{39B4C5F1-00A7-4F98-9B9F-38B91E6A764D}.Debug|Any CPU.ActiveCfg = Debug|Any CPU
		{39B4C5F1-00A7-4F98-9B9F-38B91E6A764D}.Debug|Any CPU.Build.0 = Debug|Any CPU
		{39B4C5F1-00A7-4F98-9B9F-38B91E6A764D}.Debug|Mixed Platforms.ActiveCfg = Debug|Any CPU
		{39B4C5F1-00A7-4F98-9B9F-38B91E6A764D}.Debug|Mixed Platforms.Build.0 = Debug|Any CPU
		{39B4C5F1-00A7-4F98-9B9F-38B91E6A764D}.Debug|x86.ActiveCfg = Debug|Any CPU
		{39B4C5F1-00A7-4F98-9B9F-38B91E6A764D}.Release|Any CPU.ActiveCfg = Release|Any CPU
		{39B4C5F1-00A7-4F98-9B9F-38B91E6A764D}.Release|Any CPU.Build.0 = Release|Any CPU
		{39B4C5F1-00A7-4F98-9B9F-38B91E6A764D}.Release|Mixed Platforms.ActiveCfg = Release|Any CPU
		{39B4C5F1-00A7-4F98-9B9F-38B91E6A764D}.Release|Mixed Platforms.Build.0 = Release|Any CPU
		{39B4C5F1-00A7-4F98-9B9F-38B91E6A764D}.Release|x86.ActiveCfg = Release|Any CPU
		{0D226874-8721-4BC6-BCF9-EA78B487DDED}.Debug|Any CPU.ActiveCfg = Debug|Any CPU
		{0D226874-8721-4BC6-BCF9-EA78B487DDED}.Debug|Any CPU.Build.0 = Debug|Any CPU
		{0D226874-8721-4BC6-BCF9-EA78B487DDED}.Debug|Mixed Platforms.ActiveCfg = Debug|Any CPU
		{0D226874-8721-4BC6-BCF9-EA78B487DDED}.Debug|Mixed Platforms.Build.0 = Debug|Any CPU
		{0D226874-8721-4BC6-BCF9-EA78B487DDED}.Debug|x86.ActiveCfg = Debug|Any CPU
		{0D226874-8721-4BC6-BCF9-EA78B487DDED}.Release|Any CPU.ActiveCfg = Release|Any CPU
		{0D226874-8721-4BC6-BCF9-EA78B487DDED}.Release|Any CPU.Build.0 = Release|Any CPU
		{0D226874-8721-4BC6-BCF9-EA78B487DDED}.Release|Mixed Platforms.ActiveCfg = Release|Any CPU
		{0D226874-8721-4BC6-BCF9-EA78B487DDED}.Release|Mixed Platforms.Build.0 = Release|Any CPU
		{0D226874-8721-4BC6-BCF9-EA78B487DDED}.Release|x86.ActiveCfg = Release|Any CPU
		{CAD747BF-8D53-4115-957C-CC07B036466C}.Debug|Any CPU.ActiveCfg = Debug|Any CPU
		{CAD747BF-8D53-4115-957C-CC07B036466C}.Debug|Any CPU.Build.0 = Debug|Any CPU
		{CAD747BF-8D53-4115-957C-CC07B036466C}.Debug|Mixed Platforms.ActiveCfg = Debug|Any CPU
		{CAD747BF-8D53-4115-957C-CC07B036466C}.Debug|Mixed Platforms.Build.0 = Debug|Any CPU
		{CAD747BF-8D53-4115-957C-CC07B036466C}.Debug|x86.ActiveCfg = Debug|Any CPU
		{CAD747BF-8D53-4115-957C-CC07B036466C}.Release|Any CPU.ActiveCfg = Release|Any CPU
		{CAD747BF-8D53-4115-957C-CC07B036466C}.Release|Any CPU.Build.0 = Release|Any CPU
		{CAD747BF-8D53-4115-957C-CC07B036466C}.Release|Mixed Platforms.ActiveCfg = Release|Any CPU
		{CAD747BF-8D53-4115-957C-CC07B036466C}.Release|Mixed Platforms.Build.0 = Release|Any CPU
		{CAD747BF-8D53-4115-957C-CC07B036466C}.Release|x86.ActiveCfg = Release|Any CPU
		{6E2916BF-2F3F-4DD5-BD7F-981F754BC531}.Debug|Any CPU.ActiveCfg = Debug|Any CPU
		{6E2916BF-2F3F-4DD5-BD7F-981F754BC531}.Debug|Any CPU.Build.0 = Debug|Any CPU
		{6E2916BF-2F3F-4DD5-BD7F-981F754BC531}.Debug|Mixed Platforms.ActiveCfg = Debug|Any CPU
		{6E2916BF-2F3F-4DD5-BD7F-981F754BC531}.Debug|Mixed Platforms.Build.0 = Debug|Any CPU
		{6E2916BF-2F3F-4DD5-BD7F-981F754BC531}.Debug|x86.ActiveCfg = Debug|Any CPU
		{6E2916BF-2F3F-4DD5-BD7F-981F754BC531}.Release|Any CPU.ActiveCfg = Release|Any CPU
		{6E2916BF-2F3F-4DD5-BD7F-981F754BC531}.Release|Any CPU.Build.0 = Release|Any CPU
		{6E2916BF-2F3F-4DD5-BD7F-981F754BC531}.Release|Mixed Platforms.ActiveCfg = Release|Any CPU
		{6E2916BF-2F3F-4DD5-BD7F-981F754BC531}.Release|Mixed Platforms.Build.0 = Release|Any CPU
		{6E2916BF-2F3F-4DD5-BD7F-981F754BC531}.Release|x86.ActiveCfg = Release|Any CPU
		{AB7D1FEA-51D1-41E7-8D2E-01D61B03E95A}.Debug|Any CPU.ActiveCfg = Debug|Any CPU
		{AB7D1FEA-51D1-41E7-8D2E-01D61B03E95A}.Debug|Any CPU.Build.0 = Debug|Any CPU
		{AB7D1FEA-51D1-41E7-8D2E-01D61B03E95A}.Debug|Mixed Platforms.ActiveCfg = Debug|Any CPU
		{AB7D1FEA-51D1-41E7-8D2E-01D61B03E95A}.Debug|Mixed Platforms.Build.0 = Debug|Any CPU
		{AB7D1FEA-51D1-41E7-8D2E-01D61B03E95A}.Debug|x86.ActiveCfg = Debug|Any CPU
		{AB7D1FEA-51D1-41E7-8D2E-01D61B03E95A}.Release|Any CPU.ActiveCfg = Release|Any CPU
		{AB7D1FEA-51D1-41E7-8D2E-01D61B03E95A}.Release|Any CPU.Build.0 = Release|Any CPU
		{AB7D1FEA-51D1-41E7-8D2E-01D61B03E95A}.Release|Mixed Platforms.ActiveCfg = Release|Any CPU
		{AB7D1FEA-51D1-41E7-8D2E-01D61B03E95A}.Release|Mixed Platforms.Build.0 = Release|Any CPU
		{AB7D1FEA-51D1-41E7-8D2E-01D61B03E95A}.Release|x86.ActiveCfg = Release|Any CPU
	EndGlobalSection
	GlobalSection(SolutionProperties) = preSolution
		HideSolutionNode = FALSE
	EndGlobalSection
	GlobalSection(NestedProjects) = preSolution
		{D774C18B-3489-4696-9D3E-A7416C2ADCE6} = {0430AF7C-940D-429C-B11A-AFA0F4EA2BC0}
		{36EB2B4A-DC72-47EB-9527-3246CF0019DE} = {0430AF7C-940D-429C-B11A-AFA0F4EA2BC0}
		{AC789BAA-4684-46EE-81B8-0472989EA22B} = {0430AF7C-940D-429C-B11A-AFA0F4EA2BC0}
		{39B4C5F1-00A7-4F98-9B9F-38B91E6A764D} = {0430AF7C-940D-429C-B11A-AFA0F4EA2BC0}
		{0D226874-8721-4BC6-BCF9-EA78B487DDED} = {0430AF7C-940D-429C-B11A-AFA0F4EA2BC0}
		{A42BBA01-A952-4AD2-8D99-0D93E9410079} = {AC789BAA-4684-46EE-81B8-0472989EA22B}
		{D104334C-2AE4-4716-BFAB-CCCF261D7A17} = {AC789BAA-4684-46EE-81B8-0472989EA22B}
		{CAD747BF-8D53-4115-957C-CC07B036466C} = {CE1B938B-68EF-400B-8B4F-56A9ED309E3D}
		{6E2916BF-2F3F-4DD5-BD7F-981F754BC531} = {CE1B938B-68EF-400B-8B4F-56A9ED309E3D}
		{AB7D1FEA-51D1-41E7-8D2E-01D61B03E95A} = {CE1B938B-68EF-400B-8B4F-56A9ED309E3D}
	EndGlobalSection
EndGlobal
