
Microsoft Visual Studio Solution File, Format Version 12.00
# Visual Studio 14
VisualStudioVersion = 14.0.25420.1
MinimumVisualStudioVersion = 10.0.40219.1
Project("{2150E333-8FDC-42A3-9474-1A3956D46DE8}") = "myManga-Plugin", "myManga-Plugin", "{563FE6FF-10F2-49F7-80DF-6E01CB6E45D8}"
EndProject
Project("{FAE04EC0-301F-11D3-BF4B-00C04F79EFBC}") = "myManga-App", "myManga-App\myManga-App.csproj", "{E87091A9-4489-408A-91FB-4FC8080D0D9D}"
	ProjectSection(ProjectDependencies) = postProject
		{490A4004-2340-414A-9F03-FEFFF81577AC} = {490A4004-2340-414A-9F03-FEFFF81577AC}
		{58E9513E-D3CC-42E7-9EB7-7FCF222F6670} = {58E9513E-D3CC-42E7-9EB7-7FCF222F6670}
		{1979E349-5CB7-4A9A-BC16-2A3E6E3DFDB6} = {1979E349-5CB7-4A9A-BC16-2A3E6E3DFDB6}
		{EA040A6F-CBCB-41C4-BCEE-7E6F6A5F69A7} = {EA040A6F-CBCB-41C4-BCEE-7E6F6A5F69A7}
		{48664289-0CE2-4A72-B279-518B62FE5FC4} = {48664289-0CE2-4A72-B279-518B62FE5FC4}
		{93CBCB8C-01CF-4DCD-A675-056CF0BE047F} = {93CBCB8C-01CF-4DCD-A675-056CF0BE047F}
		{6A91C9A9-1BAD-494F-82EC-047F94C9AAE8} = {6A91C9A9-1BAD-494F-82EC-047F94C9AAE8}
		{64EB88BE-0DBA-47F7-B282-B248CDA87E79} = {64EB88BE-0DBA-47F7-B282-B248CDA87E79}
		{9D1AC8D3-24F3-47DE-A950-3F48D20DD017} = {9D1AC8D3-24F3-47DE-A950-3F48D20DD017}
		{E7AF89E1-1359-4F5B-B2EB-A4613BE7C6DF} = {E7AF89E1-1359-4F5B-B2EB-A4613BE7C6DF}
		{BEEB2FE8-4F95-48C0-B123-41B3C0AB7416} = {BEEB2FE8-4F95-48C0-B123-41B3C0AB7416}
	EndProjectSection
EndProject
Project("{FAE04EC0-301F-11D3-BF4B-00C04F79EFBC}") = "myMangaSiteExtension", "myManga-Plugin\myMangaSiteExtension\myMangaSiteExtension.csproj", "{088E2638-3BED-4B11-A548-36E3539D86F2}"
EndProject
Project("{2150E333-8FDC-42A3-9474-1A3956D46DE8}") = "myManga-ISiteExtensions", "myManga-ISiteExtensions", "{A5464BE9-8F0C-49F8-AFCD-EC17E9B575E1}"
EndProject
Project("{FAE04EC0-301F-11D3-BF4B-00C04F79EFBC}") = "MangaHere", "myManga-ISiteExtensions\MangaHere\MangaHere.csproj", "{93CBCB8C-01CF-4DCD-A675-056CF0BE047F}"
EndProject
Project("{2150E333-8FDC-42A3-9474-1A3956D46DE8}") = "myManga-IDatabaseExtensions", "myManga-IDatabaseExtensions", "{601D4E6B-2166-403C-922C-97F83ED5F945}"
EndProject
Project("{FAE04EC0-301F-11D3-BF4B-00C04F79EFBC}") = "Batoto", "myManga-ISiteExtensions\Batoto\Batoto.csproj", "{64EB88BE-0DBA-47F7-B282-B248CDA87E79}"
EndProject
Project("{FAE04EC0-301F-11D3-BF4B-00C04F79EFBC}") = "AnimeNewsNetwork", "myManga-IDatabaseExtensions\AnimeNewsNetwork\AnimeNewsNetwork.csproj", "{58E9513E-D3CC-42E7-9EB7-7FCF222F6670}"
EndProject
Project("{FAE04EC0-301F-11D3-BF4B-00C04F79EFBC}") = "MangaUpdatesBakaUpdates", "myManga-IDatabaseExtensions\MangaUpdatesBakaUpdates\MangaUpdatesBakaUpdates.csproj", "{490A4004-2340-414A-9F03-FEFFF81577AC}"
EndProject
Project("{FAE04EC0-301F-11D3-BF4B-00C04F79EFBC}") = "MangaHelpers", "myManga-IDatabaseExtensions\MangaHelpers\MangaHelpers.csproj", "{9D1AC8D3-24F3-47DE-A950-3F48D20DD017}"
EndProject
Project("{FAE04EC0-301F-11D3-BF4B-00C04F79EFBC}") = "MangaTraders", "myManga-ISiteExtensions\MangaTraders\MangaTraders.csproj", "{6A91C9A9-1BAD-494F-82EC-047F94C9AAE8}"
EndProject
Project("{FAE04EC0-301F-11D3-BF4B-00C04F79EFBC}") = "TestApp", "myManga-Test\TestApp\TestApp.csproj", "{9D021522-BC7A-41E6-899C-B6151FEB504C}"
	ProjectSection(ProjectDependencies) = postProject
		{48664289-0CE2-4A72-B279-518B62FE5FC4} = {48664289-0CE2-4A72-B279-518B62FE5FC4}
		{E7AF89E1-1359-4F5B-B2EB-A4613BE7C6DF} = {E7AF89E1-1359-4F5B-B2EB-A4613BE7C6DF}
	EndProjectSection
EndProject
Project("{2150E333-8FDC-42A3-9474-1A3956D46DE8}") = "myManga-Test", "myManga-Test", "{AB5F84B3-EFA8-44C0-8300-E6F74DB3E46A}"
EndProject
Project("{FAE04EC0-301F-11D3-BF4B-00C04F79EFBC}") = "MangaReader", "myManga-ISiteExtensions\MangaReader\MangaReader.csproj", "{48664289-0CE2-4A72-B279-518B62FE5FC4}"
EndProject
Project("{FAE04EC0-301F-11D3-BF4B-00C04F79EFBC}") = "MangaPanda", "myManga-ISiteExtensions\MangaPanda\MangaPanda.csproj", "{E7AF89E1-1359-4F5B-B2EB-A4613BE7C6DF}"
EndProject
Project("{FAE04EC0-301F-11D3-BF4B-00C04F79EFBC}") = "MangaEden", "myManga-ISiteExtensions\MangaEden\MangaEden.csproj", "{1979E349-5CB7-4A9A-BC16-2A3E6E3DFDB6}"
EndProject
Project("{FAE04EC0-301F-11D3-BF4B-00C04F79EFBC}") = "MangaPark", "myManga-ISiteExtensions\MangaPark\MangaPark.csproj", "{BEEB2FE8-4F95-48C0-B123-41B3C0AB7416}"
EndProject
Project("{FAE04EC0-301F-11D3-BF4B-00C04F79EFBC}") = "MangaTown", "myManga-ISiteExtensions\MangaTown\MangaTown.csproj", "{EA040A6F-CBCB-41C4-BCEE-7E6F6A5F69A7}"
EndProject
Global
	GlobalSection(SolutionConfigurationPlatforms) = preSolution
		Debug|Any CPU = Debug|Any CPU
		Debug|Mixed Platforms = Debug|Mixed Platforms
		Release|Any CPU = Release|Any CPU
		Release|Mixed Platforms = Release|Mixed Platforms
	EndGlobalSection
	GlobalSection(ProjectConfigurationPlatforms) = postSolution
		{E87091A9-4489-408A-91FB-4FC8080D0D9D}.Debug|Any CPU.ActiveCfg = Debug|Any CPU
		{E87091A9-4489-408A-91FB-4FC8080D0D9D}.Debug|Any CPU.Build.0 = Debug|Any CPU
		{E87091A9-4489-408A-91FB-4FC8080D0D9D}.Debug|Mixed Platforms.ActiveCfg = Debug|Any CPU
		{E87091A9-4489-408A-91FB-4FC8080D0D9D}.Debug|Mixed Platforms.Build.0 = Debug|Any CPU
		{E87091A9-4489-408A-91FB-4FC8080D0D9D}.Release|Any CPU.ActiveCfg = Release|Any CPU
		{E87091A9-4489-408A-91FB-4FC8080D0D9D}.Release|Any CPU.Build.0 = Release|Any CPU
		{E87091A9-4489-408A-91FB-4FC8080D0D9D}.Release|Mixed Platforms.ActiveCfg = Release|Any CPU
		{E87091A9-4489-408A-91FB-4FC8080D0D9D}.Release|Mixed Platforms.Build.0 = Release|Any CPU
		{088E2638-3BED-4B11-A548-36E3539D86F2}.Debug|Any CPU.ActiveCfg = Debug|Any CPU
		{088E2638-3BED-4B11-A548-36E3539D86F2}.Debug|Any CPU.Build.0 = Debug|Any CPU
		{088E2638-3BED-4B11-A548-36E3539D86F2}.Debug|Mixed Platforms.ActiveCfg = Debug|Any CPU
		{088E2638-3BED-4B11-A548-36E3539D86F2}.Debug|Mixed Platforms.Build.0 = Debug|Any CPU
		{088E2638-3BED-4B11-A548-36E3539D86F2}.Release|Any CPU.ActiveCfg = Release|Any CPU
		{088E2638-3BED-4B11-A548-36E3539D86F2}.Release|Any CPU.Build.0 = Release|Any CPU
		{088E2638-3BED-4B11-A548-36E3539D86F2}.Release|Mixed Platforms.ActiveCfg = Release|Any CPU
		{088E2638-3BED-4B11-A548-36E3539D86F2}.Release|Mixed Platforms.Build.0 = Release|Any CPU
		{93CBCB8C-01CF-4DCD-A675-056CF0BE047F}.Debug|Any CPU.ActiveCfg = Debug|Any CPU
		{93CBCB8C-01CF-4DCD-A675-056CF0BE047F}.Debug|Any CPU.Build.0 = Debug|Any CPU
		{93CBCB8C-01CF-4DCD-A675-056CF0BE047F}.Debug|Mixed Platforms.ActiveCfg = Debug|Any CPU
		{93CBCB8C-01CF-4DCD-A675-056CF0BE047F}.Debug|Mixed Platforms.Build.0 = Debug|Any CPU
		{93CBCB8C-01CF-4DCD-A675-056CF0BE047F}.Release|Any CPU.ActiveCfg = Release|Any CPU
		{93CBCB8C-01CF-4DCD-A675-056CF0BE047F}.Release|Any CPU.Build.0 = Release|Any CPU
		{93CBCB8C-01CF-4DCD-A675-056CF0BE047F}.Release|Mixed Platforms.ActiveCfg = Release|Any CPU
		{93CBCB8C-01CF-4DCD-A675-056CF0BE047F}.Release|Mixed Platforms.Build.0 = Release|Any CPU
		{64EB88BE-0DBA-47F7-B282-B248CDA87E79}.Debug|Any CPU.ActiveCfg = Debug|Any CPU
		{64EB88BE-0DBA-47F7-B282-B248CDA87E79}.Debug|Any CPU.Build.0 = Debug|Any CPU
		{64EB88BE-0DBA-47F7-B282-B248CDA87E79}.Debug|Mixed Platforms.ActiveCfg = Debug|Any CPU
		{64EB88BE-0DBA-47F7-B282-B248CDA87E79}.Debug|Mixed Platforms.Build.0 = Debug|Any CPU
		{64EB88BE-0DBA-47F7-B282-B248CDA87E79}.Release|Any CPU.ActiveCfg = Release|Any CPU
		{64EB88BE-0DBA-47F7-B282-B248CDA87E79}.Release|Any CPU.Build.0 = Release|Any CPU
		{64EB88BE-0DBA-47F7-B282-B248CDA87E79}.Release|Mixed Platforms.ActiveCfg = Release|Any CPU
		{64EB88BE-0DBA-47F7-B282-B248CDA87E79}.Release|Mixed Platforms.Build.0 = Release|Any CPU
		{58E9513E-D3CC-42E7-9EB7-7FCF222F6670}.Debug|Any CPU.ActiveCfg = Debug|Any CPU
		{58E9513E-D3CC-42E7-9EB7-7FCF222F6670}.Debug|Any CPU.Build.0 = Debug|Any CPU
		{58E9513E-D3CC-42E7-9EB7-7FCF222F6670}.Debug|Mixed Platforms.ActiveCfg = Debug|Any CPU
		{58E9513E-D3CC-42E7-9EB7-7FCF222F6670}.Debug|Mixed Platforms.Build.0 = Debug|Any CPU
		{58E9513E-D3CC-42E7-9EB7-7FCF222F6670}.Release|Any CPU.ActiveCfg = Release|Any CPU
		{58E9513E-D3CC-42E7-9EB7-7FCF222F6670}.Release|Any CPU.Build.0 = Release|Any CPU
		{58E9513E-D3CC-42E7-9EB7-7FCF222F6670}.Release|Mixed Platforms.ActiveCfg = Release|Any CPU
		{58E9513E-D3CC-42E7-9EB7-7FCF222F6670}.Release|Mixed Platforms.Build.0 = Release|Any CPU
		{490A4004-2340-414A-9F03-FEFFF81577AC}.Debug|Any CPU.ActiveCfg = Debug|Any CPU
		{490A4004-2340-414A-9F03-FEFFF81577AC}.Debug|Any CPU.Build.0 = Debug|Any CPU
		{490A4004-2340-414A-9F03-FEFFF81577AC}.Debug|Mixed Platforms.ActiveCfg = Debug|Any CPU
		{490A4004-2340-414A-9F03-FEFFF81577AC}.Debug|Mixed Platforms.Build.0 = Debug|Any CPU
		{490A4004-2340-414A-9F03-FEFFF81577AC}.Release|Any CPU.ActiveCfg = Release|Any CPU
		{490A4004-2340-414A-9F03-FEFFF81577AC}.Release|Any CPU.Build.0 = Release|Any CPU
		{490A4004-2340-414A-9F03-FEFFF81577AC}.Release|Mixed Platforms.ActiveCfg = Release|Any CPU
		{490A4004-2340-414A-9F03-FEFFF81577AC}.Release|Mixed Platforms.Build.0 = Release|Any CPU
		{9D1AC8D3-24F3-47DE-A950-3F48D20DD017}.Debug|Any CPU.ActiveCfg = Debug|Any CPU
		{9D1AC8D3-24F3-47DE-A950-3F48D20DD017}.Debug|Any CPU.Build.0 = Debug|Any CPU
		{9D1AC8D3-24F3-47DE-A950-3F48D20DD017}.Debug|Mixed Platforms.ActiveCfg = Debug|Any CPU
		{9D1AC8D3-24F3-47DE-A950-3F48D20DD017}.Debug|Mixed Platforms.Build.0 = Debug|Any CPU
		{9D1AC8D3-24F3-47DE-A950-3F48D20DD017}.Release|Any CPU.ActiveCfg = Release|Any CPU
		{9D1AC8D3-24F3-47DE-A950-3F48D20DD017}.Release|Any CPU.Build.0 = Release|Any CPU
		{9D1AC8D3-24F3-47DE-A950-3F48D20DD017}.Release|Mixed Platforms.ActiveCfg = Release|Any CPU
		{9D1AC8D3-24F3-47DE-A950-3F48D20DD017}.Release|Mixed Platforms.Build.0 = Release|Any CPU
		{6A91C9A9-1BAD-494F-82EC-047F94C9AAE8}.Debug|Any CPU.ActiveCfg = Debug|Any CPU
		{6A91C9A9-1BAD-494F-82EC-047F94C9AAE8}.Debug|Any CPU.Build.0 = Debug|Any CPU
		{6A91C9A9-1BAD-494F-82EC-047F94C9AAE8}.Debug|Mixed Platforms.ActiveCfg = Debug|Any CPU
		{6A91C9A9-1BAD-494F-82EC-047F94C9AAE8}.Debug|Mixed Platforms.Build.0 = Debug|Any CPU
		{6A91C9A9-1BAD-494F-82EC-047F94C9AAE8}.Release|Any CPU.ActiveCfg = Release|Any CPU
		{6A91C9A9-1BAD-494F-82EC-047F94C9AAE8}.Release|Any CPU.Build.0 = Release|Any CPU
		{6A91C9A9-1BAD-494F-82EC-047F94C9AAE8}.Release|Mixed Platforms.ActiveCfg = Release|Any CPU
		{6A91C9A9-1BAD-494F-82EC-047F94C9AAE8}.Release|Mixed Platforms.Build.0 = Release|Any CPU
		{9D021522-BC7A-41E6-899C-B6151FEB504C}.Debug|Any CPU.ActiveCfg = Debug|Any CPU
		{9D021522-BC7A-41E6-899C-B6151FEB504C}.Debug|Any CPU.Build.0 = Debug|Any CPU
		{9D021522-BC7A-41E6-899C-B6151FEB504C}.Debug|Mixed Platforms.ActiveCfg = Debug|Any CPU
		{9D021522-BC7A-41E6-899C-B6151FEB504C}.Debug|Mixed Platforms.Build.0 = Debug|Any CPU
		{9D021522-BC7A-41E6-899C-B6151FEB504C}.Release|Any CPU.ActiveCfg = Release|Any CPU
		{9D021522-BC7A-41E6-899C-B6151FEB504C}.Release|Any CPU.Build.0 = Release|Any CPU
		{9D021522-BC7A-41E6-899C-B6151FEB504C}.Release|Mixed Platforms.ActiveCfg = Release|Any CPU
		{9D021522-BC7A-41E6-899C-B6151FEB504C}.Release|Mixed Platforms.Build.0 = Release|Any CPU
		{48664289-0CE2-4A72-B279-518B62FE5FC4}.Debug|Any CPU.ActiveCfg = Debug|Any CPU
		{48664289-0CE2-4A72-B279-518B62FE5FC4}.Debug|Any CPU.Build.0 = Debug|Any CPU
		{48664289-0CE2-4A72-B279-518B62FE5FC4}.Debug|Mixed Platforms.ActiveCfg = Debug|Any CPU
		{48664289-0CE2-4A72-B279-518B62FE5FC4}.Debug|Mixed Platforms.Build.0 = Debug|Any CPU
		{48664289-0CE2-4A72-B279-518B62FE5FC4}.Release|Any CPU.ActiveCfg = Release|Any CPU
		{48664289-0CE2-4A72-B279-518B62FE5FC4}.Release|Any CPU.Build.0 = Release|Any CPU
		{48664289-0CE2-4A72-B279-518B62FE5FC4}.Release|Mixed Platforms.ActiveCfg = Release|Any CPU
		{48664289-0CE2-4A72-B279-518B62FE5FC4}.Release|Mixed Platforms.Build.0 = Release|Any CPU
		{E7AF89E1-1359-4F5B-B2EB-A4613BE7C6DF}.Debug|Any CPU.ActiveCfg = Debug|Any CPU
		{E7AF89E1-1359-4F5B-B2EB-A4613BE7C6DF}.Debug|Any CPU.Build.0 = Debug|Any CPU
		{E7AF89E1-1359-4F5B-B2EB-A4613BE7C6DF}.Debug|Mixed Platforms.ActiveCfg = Debug|Any CPU
		{E7AF89E1-1359-4F5B-B2EB-A4613BE7C6DF}.Debug|Mixed Platforms.Build.0 = Debug|Any CPU
		{E7AF89E1-1359-4F5B-B2EB-A4613BE7C6DF}.Release|Any CPU.ActiveCfg = Release|Any CPU
		{E7AF89E1-1359-4F5B-B2EB-A4613BE7C6DF}.Release|Any CPU.Build.0 = Release|Any CPU
		{E7AF89E1-1359-4F5B-B2EB-A4613BE7C6DF}.Release|Mixed Platforms.ActiveCfg = Release|Any CPU
		{E7AF89E1-1359-4F5B-B2EB-A4613BE7C6DF}.Release|Mixed Platforms.Build.0 = Release|Any CPU
		{1979E349-5CB7-4A9A-BC16-2A3E6E3DFDB6}.Debug|Any CPU.ActiveCfg = Debug|Any CPU
		{1979E349-5CB7-4A9A-BC16-2A3E6E3DFDB6}.Debug|Any CPU.Build.0 = Debug|Any CPU
		{1979E349-5CB7-4A9A-BC16-2A3E6E3DFDB6}.Debug|Mixed Platforms.ActiveCfg = Debug|Any CPU
		{1979E349-5CB7-4A9A-BC16-2A3E6E3DFDB6}.Debug|Mixed Platforms.Build.0 = Debug|Any CPU
		{1979E349-5CB7-4A9A-BC16-2A3E6E3DFDB6}.Release|Any CPU.ActiveCfg = Release|Any CPU
		{1979E349-5CB7-4A9A-BC16-2A3E6E3DFDB6}.Release|Any CPU.Build.0 = Release|Any CPU
		{1979E349-5CB7-4A9A-BC16-2A3E6E3DFDB6}.Release|Mixed Platforms.ActiveCfg = Release|Any CPU
		{1979E349-5CB7-4A9A-BC16-2A3E6E3DFDB6}.Release|Mixed Platforms.Build.0 = Release|Any CPU
		{BEEB2FE8-4F95-48C0-B123-41B3C0AB7416}.Debug|Any CPU.ActiveCfg = Debug|Any CPU
		{BEEB2FE8-4F95-48C0-B123-41B3C0AB7416}.Debug|Any CPU.Build.0 = Debug|Any CPU
		{BEEB2FE8-4F95-48C0-B123-41B3C0AB7416}.Debug|Mixed Platforms.ActiveCfg = Debug|Any CPU
		{BEEB2FE8-4F95-48C0-B123-41B3C0AB7416}.Debug|Mixed Platforms.Build.0 = Debug|Any CPU
		{BEEB2FE8-4F95-48C0-B123-41B3C0AB7416}.Release|Any CPU.ActiveCfg = Release|Any CPU
		{BEEB2FE8-4F95-48C0-B123-41B3C0AB7416}.Release|Any CPU.Build.0 = Release|Any CPU
		{BEEB2FE8-4F95-48C0-B123-41B3C0AB7416}.Release|Mixed Platforms.ActiveCfg = Release|Any CPU
		{BEEB2FE8-4F95-48C0-B123-41B3C0AB7416}.Release|Mixed Platforms.Build.0 = Release|Any CPU
		{EA040A6F-CBCB-41C4-BCEE-7E6F6A5F69A7}.Debug|Any CPU.ActiveCfg = Debug|Any CPU
		{EA040A6F-CBCB-41C4-BCEE-7E6F6A5F69A7}.Debug|Any CPU.Build.0 = Debug|Any CPU
		{EA040A6F-CBCB-41C4-BCEE-7E6F6A5F69A7}.Debug|Mixed Platforms.ActiveCfg = Debug|Any CPU
		{EA040A6F-CBCB-41C4-BCEE-7E6F6A5F69A7}.Debug|Mixed Platforms.Build.0 = Debug|Any CPU
		{EA040A6F-CBCB-41C4-BCEE-7E6F6A5F69A7}.Release|Any CPU.ActiveCfg = Release|Any CPU
		{EA040A6F-CBCB-41C4-BCEE-7E6F6A5F69A7}.Release|Any CPU.Build.0 = Release|Any CPU
		{EA040A6F-CBCB-41C4-BCEE-7E6F6A5F69A7}.Release|Mixed Platforms.ActiveCfg = Release|Any CPU
		{EA040A6F-CBCB-41C4-BCEE-7E6F6A5F69A7}.Release|Mixed Platforms.Build.0 = Release|Any CPU
	EndGlobalSection
	GlobalSection(SolutionProperties) = preSolution
		HideSolutionNode = FALSE
	EndGlobalSection
	GlobalSection(NestedProjects) = preSolution
		{088E2638-3BED-4B11-A548-36E3539D86F2} = {563FE6FF-10F2-49F7-80DF-6E01CB6E45D8}
		{93CBCB8C-01CF-4DCD-A675-056CF0BE047F} = {A5464BE9-8F0C-49F8-AFCD-EC17E9B575E1}
		{64EB88BE-0DBA-47F7-B282-B248CDA87E79} = {A5464BE9-8F0C-49F8-AFCD-EC17E9B575E1}
		{58E9513E-D3CC-42E7-9EB7-7FCF222F6670} = {601D4E6B-2166-403C-922C-97F83ED5F945}
		{490A4004-2340-414A-9F03-FEFFF81577AC} = {601D4E6B-2166-403C-922C-97F83ED5F945}
		{9D1AC8D3-24F3-47DE-A950-3F48D20DD017} = {601D4E6B-2166-403C-922C-97F83ED5F945}
		{6A91C9A9-1BAD-494F-82EC-047F94C9AAE8} = {A5464BE9-8F0C-49F8-AFCD-EC17E9B575E1}
		{9D021522-BC7A-41E6-899C-B6151FEB504C} = {AB5F84B3-EFA8-44C0-8300-E6F74DB3E46A}
		{48664289-0CE2-4A72-B279-518B62FE5FC4} = {A5464BE9-8F0C-49F8-AFCD-EC17E9B575E1}
		{E7AF89E1-1359-4F5B-B2EB-A4613BE7C6DF} = {A5464BE9-8F0C-49F8-AFCD-EC17E9B575E1}
		{1979E349-5CB7-4A9A-BC16-2A3E6E3DFDB6} = {A5464BE9-8F0C-49F8-AFCD-EC17E9B575E1}
		{BEEB2FE8-4F95-48C0-B123-41B3C0AB7416} = {A5464BE9-8F0C-49F8-AFCD-EC17E9B575E1}
		{EA040A6F-CBCB-41C4-BCEE-7E6F6A5F69A7} = {A5464BE9-8F0C-49F8-AFCD-EC17E9B575E1}
	EndGlobalSection
EndGlobal
